
Microsoft Visual Studio Solution File, Format Version 12.00
# Visual Studio Version 17
VisualStudioVersion = 17.5.002.0
MinimumVisualStudioVersion = 10.0.40219.1
Project("{2150E333-8FDC-42A3-9474-1A3956D46DE8}") = "_01_CSharp 语法参考", "_01_CSharp 语法参考", "{5A0CF263-F2E2-46A0-8604-2FA200E2BAD2}"
EndProject
Project("{2150E333-8FDC-42A3-9474-1A3956D46DE8}") = "02_CSharp_高级功能", "02_CSharp_高级功能", "{865FA3E4-3D92-4B8B-85B0-746CFC5B6692}"
EndProject
Project("{2150E333-8FDC-42A3-9474-1A3956D46DE8}") = "01_LINQ_语言集成查询", "01_LINQ_语言集成查询", "{141DEFE1-0D08-493B-BEA5-77905810969B}"
EndProject
Project("{9A19103F-16F7-4668-BE54-9A1E7A4F7556}") = "proj.csharp", "_01_CSharp 语法参考\02_CSharp_高级功能\01_LINQ_语言集成查询\proj.csharp\proj.csharp.csproj", "{3E52ABF3-FE55-4BCF-A908-C0264BF6817C}"
EndProject
Global
	GlobalSection(SolutionConfigurationPlatforms) = preSolution
		Debug|Any CPU = Debug|Any CPU
		Release|Any CPU = Release|Any CPU
	EndGlobalSection
	GlobalSection(ProjectConfigurationPlatforms) = postSolution
		{3E52ABF3-FE55-4BCF-A908-C0264BF6817C}.Debug|Any CPU.ActiveCfg = Debug|Any CPU
		{3E52ABF3-FE55-4BCF-A908-C0264BF6817C}.Debug|Any CPU.Build.0 = Debug|Any CPU
		{3E52ABF3-FE55-4BCF-A908-C0264BF6817C}.Release|Any CPU.ActiveCfg = Release|Any CPU
		{3E52ABF3-FE55-4BCF-A908-C0264BF6817C}.Release|Any CPU.Build.0 = Release|Any CPU
	EndGlobalSection
	GlobalSection(SolutionProperties) = preSolution
		HideSolutionNode = FALSE
	EndGlobalSection
	GlobalSection(NestedProjects) = preSolution
		{865FA3E4-3D92-4B8B-85B0-746CFC5B6692} = {5A0CF263-F2E2-46A0-8604-2FA200E2BAD2}
		{141DEFE1-0D08-493B-BEA5-77905810969B} = {865FA3E4-3D92-4B8B-85B0-746CFC5B6692}
		{3E52ABF3-FE55-4BCF-A908-C0264BF6817C} = {141DEFE1-0D08-493B-BEA5-77905810969B}
	EndGlobalSection
	GlobalSection(ExtensibilityGlobals) = postSolution
		SolutionGuid = {C2B97B24-B4CB-4DC3-9EF1-973D2CD6BCE9}
	EndGlobalSection
EndGlobal
