
Microsoft Visual Studio Solution File, Format Version 12.00
# Visual Studio Version 22
VisualStudioVersion = 17.5.002.0
MinimumVisualStudioVersion = 10.0.40219.1
Project("{9A19103F-16F7-4668-BE54-9A1E7A4F7556}") = "proj.csharp", "proj.csharp.csproj", "{8E2D017C-5351-43C0-84F8-699DEE195EA0}"
EndProject
Global
	GlobalSection(SolutionConfigurationPlatforms) = preSolution
		Debug|Any CPU = Debug|Any CPU
		Release|Any CPU = Release|Any CPU
	EndGlobalSection
	GlobalSection(ProjectConfigurationPlatforms) = postSolution
		{8E2D017C-5351-43C0-84F8-699DEE195EA0}.Debug|Any CPU.ActiveCfg = Debug|Any CPU
		{8E2D017C-5351-43C0-84F8-699DEE195EA0}.Debug|Any CPU.Build.0 = Debug|Any CPU
		{8E2D017C-5351-43C0-84F8-699DEE195EA0}.Release|Any CPU.ActiveCfg = Release|Any CPU
		{8E2D017C-5351-43C0-84F8-699DEE195EA0}.Release|Any CPU.Build.0 = Release|Any CPU
	EndGlobalSection
	GlobalSection(SolutionProperties) = preSolution
		HideSolutionNode = FALSE
	EndGlobalSection
	GlobalSection(ExtensibilityGlobals) = postSolution
		SolutionGuid = {7A559BE8-70B5-4D8F-B280-0E3FF94E7F23}
	EndGlobalSection
EndGlobal
